# This file was autogenerated by Stack.
# You should not edit this file by hand.
# For more information, please see the documentation at:
#   https://docs.haskellstack.org/en/stable/lock_files

packages:
- completed:
    name: haspara
    version: 0.0.0.0
    git: https://github.com/telostat/haspara.git
    pantry-tree:
      size: 1560
      sha256: f5de71c266f231efbcead9e5caf2417f9ac96afe1a4e884a622d9c7f07949fb1
    commit: f79ef34c090de16df9e13ee7e54f6412df1c8100
  original:
    git: https://github.com/telostat/haspara.git
    commit: f79ef34c090de16df9e13ee7e54f6412df1c8100
snapshots:
- completed:
    size: 586292
    url: https://raw.githubusercontent.com/commercialhaskell/stackage-snapshots/master/lts/18/17.yaml
    sha256: e66e70a7f998036025e8f40abc89b8eeb79c88f57727020cba1b54f375aa7ca0
  original: lts-18.17
