# This file was autogenerated by Stack.
# You should not edit this file by hand.
# For more information, please see the documentation at:
#   https://docs.haskellstack.org/en/stable/lock_files

packages:
- completed:
    name: haspara
    version: 0.0.0.0
    git: https://github.com/telostat/haspara.git
    pantry-tree:
      size: 1560
      sha256: c215a62857bd63bb16ed8af6f85a1cf19730a402bd7ca73075da24fac6165de0
    commit: 31e55a582342f486e644a20bb92a28609a1c2d09
  original:
    git: https://github.com/telostat/haspara.git
    commit: 31e55a582342f486e644a20bb92a28609a1c2d09
snapshots:
- completed:
    size: 586292
    url: https://raw.githubusercontent.com/commercialhaskell/stackage-snapshots/master/lts/18/17.yaml
    sha256: e66e70a7f998036025e8f40abc89b8eeb79c88f57727020cba1b54f375aa7ca0
  original: lts-18.17
